
Microsoft Visual Studio Solution File, Format Version 12.00
# Visual Studio Version 17
VisualStudioVersion = 17.4.33205.214
MinimumVisualStudioVersion = 10.0.40219.1
Project("{FAE04EC0-301F-11D3-BF4B-00C04F79EFBC}") = "ConsoleApp2", "ConsoleApp2.csproj", "{98F0881A-CA98-4C35-ACAB-1623B98B2BEE}"
EndProject
Global
	GlobalSection(SolutionConfigurationPlatforms) = preSolution
		Debug|Any CPU = Debug|Any CPU
		Release|Any CPU = Release|Any CPU
	EndGlobalSection
	GlobalSection(ProjectConfigurationPlatforms) = postSolution
		{98F0881A-CA98-4C35-ACAB-1623B98B2BEE}.Debug|Any CPU.ActiveCfg = Debug|Any CPU
		{98F0881A-CA98-4C35-ACAB-1623B98B2BEE}.Debug|Any CPU.Build.0 = Debug|Any CPU
		{98F0881A-CA98-4C35-ACAB-1623B98B2BEE}.Release|Any CPU.ActiveCfg = Release|Any CPU
		{98F0881A-CA98-4C35-ACAB-1623B98B2BEE}.Release|Any CPU.Build.0 = Release|Any CPU
	EndGlobalSection
	GlobalSection(SolutionProperties) = preSolution
		HideSolutionNode = FALSE
	EndGlobalSection
	GlobalSection(ExtensibilityGlobals) = postSolution
		SolutionGuid = {D3BE1FF0-70CE-4160-A2DF-A817D0FABC77}
	EndGlobalSection
EndGlobal
